
Microsoft Visual Studio Solution File, Format Version 12.00
# Visual Studio 15
Project("{FAE04EC0-301F-11D3-BF4B-00C04F79EFBC}") = "Unity.ThirdParty", "Unity.ThirdParty.csproj", "{E15BADD2-3A26-309A-AB0F-DC5B08044350}"
EndProject
Project("{FAE04EC0-301F-11D3-BF4B-00C04F79EFBC}") = "Unity.Model", "Unity.Model.csproj", "{B4BF9894-F5D9-41C4-13E3-3F26F7700E29}"
EndProject
Project("{FAE04EC0-301F-11D3-BF4B-00C04F79EFBC}") = "Unity.Hotfix", "Unity.Hotfix.csproj", "{1066F652-6A89-D1C4-9881-1A19DF7AB80E}"
EndProject
Project("{FAE04EC0-301F-11D3-BF4B-00C04F79EFBC}") = "Animancer.Examples", "Animancer.Examples.csproj", "{76FC8738-B016-5BE2-D964-8C25CC3023A6}"
EndProject
Project("{FAE04EC0-301F-11D3-BF4B-00C04F79EFBC}") = "LeanTouch", "LeanTouch.csproj", "{8EC736AB-35B3-FAE1-419C-3DF34536D033}"
EndProject
Project("{FAE04EC0-301F-11D3-BF4B-00C04F79EFBC}") = "LeanCommon", "LeanCommon.csproj", "{E61C0F6E-D124-07EC-70E7-EC5003FA75F5}"
EndProject
Project("{FAE04EC0-301F-11D3-BF4B-00C04F79EFBC}") = "Unity.ModelView", "Unity.ModelView.csproj", "{2F8409C1-DA01-D464-DBF2-00C6449E459E}"
EndProject
Project("{FAE04EC0-301F-11D3-BF4B-00C04F79EFBC}") = "Animancer", "Animancer.csproj", "{F6659E15-63D3-6D1A-EC57-6DB30DA1B98F}"
EndProject
Project("{FAE04EC0-301F-11D3-BF4B-00C04F79EFBC}") = "Sirenix.OdinInspector.CompatibilityLayer", "Sirenix.OdinInspector.CompatibilityLayer.csproj", "{E387569F-725F-F5C8-517B-584709B7D5D8}"
EndProject
Project("{FAE04EC0-301F-11D3-BF4B-00C04F79EFBC}") = "Unity.HotfixView", "Unity.HotfixView.csproj", "{D31345DE-9B88-525C-8E9C-744C99AE7509}"
EndProject
Project("{FAE04EC0-301F-11D3-BF4B-00C04F79EFBC}") = "Animancer.FSM", "Animancer.FSM.csproj", "{B6514B77-01B9-7EB9-D593-35721140FEA6}"
EndProject
Project("{FAE04EC0-301F-11D3-BF4B-00C04F79EFBC}") = "Sirenix.OdinInspector.CompatibilityLayer.Editor", "Sirenix.OdinInspector.CompatibilityLayer.Editor.csproj", "{686145E0-A51B-685E-EF99-A1034C8B63AB}"
EndProject
Project("{FAE04EC0-301F-11D3-BF4B-00C04F79EFBC}") = "Unity.Editor", "Unity.Editor.csproj", "{CD311104-1830-B119-81B6-5DBEE2467FFB}"
EndProject
Global
	GlobalSection(SolutionConfigurationPlatforms) = preSolution
		Debug|Any CPU = Debug|Any CPU
		Release|Any CPU = Release|Any CPU
	EndGlobalSection
	GlobalSection(ProjectConfigurationPlatforms) = postSolution
		{E15BADD2-3A26-309A-AB0F-DC5B08044350}.Debug|Any CPU.ActiveCfg = Debug|Any CPU
		{E15BADD2-3A26-309A-AB0F-DC5B08044350}.Debug|Any CPU.Build.0 = Debug|Any CPU
		{E15BADD2-3A26-309A-AB0F-DC5B08044350}.Release|Any CPU.ActiveCfg = Release|Any CPU
		{E15BADD2-3A26-309A-AB0F-DC5B08044350}.Release|Any CPU.Build.0 = Release|Any CPU
		{B4BF9894-F5D9-41C4-13E3-3F26F7700E29}.Debug|Any CPU.ActiveCfg = Debug|Any CPU
		{B4BF9894-F5D9-41C4-13E3-3F26F7700E29}.Debug|Any CPU.Build.0 = Debug|Any CPU
		{B4BF9894-F5D9-41C4-13E3-3F26F7700E29}.Release|Any CPU.ActiveCfg = Release|Any CPU
		{B4BF9894-F5D9-41C4-13E3-3F26F7700E29}.Release|Any CPU.Build.0 = Release|Any CPU
		{1066F652-6A89-D1C4-9881-1A19DF7AB80E}.Debug|Any CPU.ActiveCfg = Debug|Any CPU
		{1066F652-6A89-D1C4-9881-1A19DF7AB80E}.Debug|Any CPU.Build.0 = Debug|Any CPU
		{1066F652-6A89-D1C4-9881-1A19DF7AB80E}.Release|Any CPU.ActiveCfg = Release|Any CPU
		{1066F652-6A89-D1C4-9881-1A19DF7AB80E}.Release|Any CPU.Build.0 = Release|Any CPU
		{76FC8738-B016-5BE2-D964-8C25CC3023A6}.Debug|Any CPU.ActiveCfg = Debug|Any CPU
		{76FC8738-B016-5BE2-D964-8C25CC3023A6}.Debug|Any CPU.Build.0 = Debug|Any CPU
		{76FC8738-B016-5BE2-D964-8C25CC3023A6}.Release|Any CPU.ActiveCfg = Release|Any CPU
		{76FC8738-B016-5BE2-D964-8C25CC3023A6}.Release|Any CPU.Build.0 = Release|Any CPU
		{8EC736AB-35B3-FAE1-419C-3DF34536D033}.Debug|Any CPU.ActiveCfg = Debug|Any CPU
		{8EC736AB-35B3-FAE1-419C-3DF34536D033}.Debug|Any CPU.Build.0 = Debug|Any CPU
		{8EC736AB-35B3-FAE1-419C-3DF34536D033}.Release|Any CPU.ActiveCfg = Release|Any CPU
		{8EC736AB-35B3-FAE1-419C-3DF34536D033}.Release|Any CPU.Build.0 = Release|Any CPU
		{E61C0F6E-D124-07EC-70E7-EC5003FA75F5}.Debug|Any CPU.ActiveCfg = Debug|Any CPU
		{E61C0F6E-D124-07EC-70E7-EC5003FA75F5}.Debug|Any CPU.Build.0 = Debug|Any CPU
		{E61C0F6E-D124-07EC-70E7-EC5003FA75F5}.Release|Any CPU.ActiveCfg = Release|Any CPU
		{E61C0F6E-D124-07EC-70E7-EC5003FA75F5}.Release|Any CPU.Build.0 = Release|Any CPU
		{2F8409C1-DA01-D464-DBF2-00C6449E459E}.Debug|Any CPU.ActiveCfg = Debug|Any CPU
		{2F8409C1-DA01-D464-DBF2-00C6449E459E}.Debug|Any CPU.Build.0 = Debug|Any CPU
		{2F8409C1-DA01-D464-DBF2-00C6449E459E}.Release|Any CPU.ActiveCfg = Release|Any CPU
		{2F8409C1-DA01-D464-DBF2-00C6449E459E}.Release|Any CPU.Build.0 = Release|Any CPU
		{F6659E15-63D3-6D1A-EC57-6DB30DA1B98F}.Debug|Any CPU.ActiveCfg = Debug|Any CPU
		{F6659E15-63D3-6D1A-EC57-6DB30DA1B98F}.Debug|Any CPU.Build.0 = Debug|Any CPU
		{F6659E15-63D3-6D1A-EC57-6DB30DA1B98F}.Release|Any CPU.ActiveCfg = Release|Any CPU
		{F6659E15-63D3-6D1A-EC57-6DB30DA1B98F}.Release|Any CPU.Build.0 = Release|Any CPU
		{E387569F-725F-F5C8-517B-584709B7D5D8}.Debug|Any CPU.ActiveCfg = Debug|Any CPU
		{E387569F-725F-F5C8-517B-584709B7D5D8}.Debug|Any CPU.Build.0 = Debug|Any CPU
		{E387569F-725F-F5C8-517B-584709B7D5D8}.Release|Any CPU.ActiveCfg = Release|Any CPU
		{E387569F-725F-F5C8-517B-584709B7D5D8}.Release|Any CPU.Build.0 = Release|Any CPU
		{D31345DE-9B88-525C-8E9C-744C99AE7509}.Debug|Any CPU.ActiveCfg = Debug|Any CPU
		{D31345DE-9B88-525C-8E9C-744C99AE7509}.Debug|Any CPU.Build.0 = Debug|Any CPU
		{D31345DE-9B88-525C-8E9C-744C99AE7509}.Release|Any CPU.ActiveCfg = Release|Any CPU
		{D31345DE-9B88-525C-8E9C-744C99AE7509}.Release|Any CPU.Build.0 = Release|Any CPU
		{B6514B77-01B9-7EB9-D593-35721140FEA6}.Debug|Any CPU.ActiveCfg = Debug|Any CPU
		{B6514B77-01B9-7EB9-D593-35721140FEA6}.Debug|Any CPU.Build.0 = Debug|Any CPU
		{B6514B77-01B9-7EB9-D593-35721140FEA6}.Release|Any CPU.ActiveCfg = Release|Any CPU
		{B6514B77-01B9-7EB9-D593-35721140FEA6}.Release|Any CPU.Build.0 = Release|Any CPU
		{686145E0-A51B-685E-EF99-A1034C8B63AB}.Debug|Any CPU.ActiveCfg = Debug|Any CPU
		{686145E0-A51B-685E-EF99-A1034C8B63AB}.Debug|Any CPU.Build.0 = Debug|Any CPU
		{686145E0-A51B-685E-EF99-A1034C8B63AB}.Release|Any CPU.ActiveCfg = Release|Any CPU
		{686145E0-A51B-685E-EF99-A1034C8B63AB}.Release|Any CPU.Build.0 = Release|Any CPU
		{CD311104-1830-B119-81B6-5DBEE2467FFB}.Debug|Any CPU.ActiveCfg = Debug|Any CPU
		{CD311104-1830-B119-81B6-5DBEE2467FFB}.Debug|Any CPU.Build.0 = Debug|Any CPU
		{CD311104-1830-B119-81B6-5DBEE2467FFB}.Release|Any CPU.ActiveCfg = Release|Any CPU
		{CD311104-1830-B119-81B6-5DBEE2467FFB}.Release|Any CPU.Build.0 = Release|Any CPU
	EndGlobalSection
	GlobalSection(SolutionProperties) = preSolution
		HideSolutionNode = FALSE
	EndGlobalSection
EndGlobal
